// !$*UTF8*$!
{
	archiveVersion = 1;
	classes = {
	};
	objectVersion = 46;
	objects = {

/* Begin PBXBuildFile section */
		6A2FE0FB1AB1DC5700C98F31 /* main.m in Sources */ = {isa = PBXBuildFile; fileRef = 6A2FE0FA1AB1DC5700C98F31 /* main.m */; };
		6A2FE0FE1AB1DC5700C98F31 /* AppDelegate.m in Sources */ = {isa = PBXBuildFile; fileRef = 6A2FE0FD1AB1DC5700C98F31 /* AppDelegate.m */; };
		6A2FE1011AB1DC5700C98F31 /* ViewController.m in Sources */ = {isa = PBXBuildFile; fileRef = 6A2FE1001AB1DC5700C98F31 /* ViewController.m */; };
		6A2FE1041AB1DC5700C98F31 /* Main.storyboard in Resources */ = {isa = PBXBuildFile; fileRef = 6A2FE1021AB1DC5700C98F31 /* Main.storyboard */; };
		6A2FE1061AB1DC5700C98F31 /* Images.xcassets in Resources */ = {isa = PBXBuildFile; fileRef = 6A2FE1051AB1DC5700C98F31 /* Images.xcassets */; };
		6A2FE1091AB1DC5700C98F31 /* LaunchScreen.xib in Resources */ = {isa = PBXBuildFile; fileRef = 6A2FE1071AB1DC5700C98F31 /* LaunchScreen.xib */; };
		6A2FE1151AB1DC5700C98F31 /* CameraNoneTests.m in Sources */ = {isa = PBXBuildFile; fileRef = 6A2FE1141AB1DC5700C98F31 /* CameraNoneTests.m */; };
		6A567D411AB447C500571DFA /* AVFoundation.framework in Frameworks */ = {isa = PBXBuildFile; fileRef = 6A567D401AB447C500571DFA /* AVFoundation.framework */; };
/* End PBXBuildFile section */

/* Begin PBXContainerItemProxy section */
		6A2FE10F1AB1DC5700C98F31 /* PBXContainerItemProxy */ = {
			isa = PBXContainerItemProxy;
			containerPortal = 6A2FE0ED1AB1DC5600C98F31 /* Project object */;
			proxyType = 1;
			remoteGlobalIDString = 6A2FE0F41AB1DC5700C98F31;
			remoteInfo = CameraNone;
		};
/* End PBXContainerItemProxy section */

/* Begin PBXFileReference section */
		6A2FE0F51AB1DC5700C98F31 /* CameraNone.app */ = {isa = PBXFileReference; explicitFileType = wrapper.application; includeInIndex = 0; path = CameraNone.app; sourceTree = BUILT_PRODUCTS_DIR; };
		6A2FE0F91AB1DC5700C98F31 /* Info.plist */ = {isa = PBXFileReference; lastKnownFileType = text.plist.xml; path = Info.plist; sourceTree = "<group>"; };
		6A2FE0FA1AB1DC5700C98F31 /* main.m */ = {isa = PBXFileReference; lastKnownFileType = sourcecode.c.objc; path = main.m; sourceTree = "<group>"; };
		6A2FE0FC1AB1DC5700C98F31 /* AppDelegate.h */ = {isa = PBXFileReference; lastKnownFileType = sourcecode.c.h; path = AppDelegate.h; sourceTree = "<group>"; };
		6A2FE0FD1AB1DC5700C98F31 /* AppDelegate.m */ = {isa = PBXFileReference; lastKnownFileType = sourcecode.c.objc; path = AppDelegate.m; sourceTree = "<group>"; };
		6A2FE0FF1AB1DC5700C98F31 /* ViewController.h */ = {isa = PBXFileReference; lastKnownFileType = sourcecode.c.h; path = ViewController.h; sourceTree = "<group>"; };
		6A2FE1001AB1DC5700C98F31 /* ViewController.m */ = {isa = PBXFileReference; lastKnownFileType = sourcecode.c.objc; path = ViewController.m; sourceTree = "<group>"; };
		6A2FE1031AB1DC5700C98F31 /* Base */ = {isa = PBXFileReference; lastKnownFileType = file.storyboard; name = Base; path = Base.lproj/Main.storyboard; sourceTree = "<group>"; };
		6A2FE1051AB1DC5700C98F31 /* Images.xcassets */ = {isa = PBXFileReference; lastKnownFileType = folder.assetcatalog; path = Images.xcassets; sourceTree = "<group>"; };
		6A2FE1081AB1DC5700C98F31 /* Base */ = {isa = PBXFileReference; lastKnownFileType = file.xib; name = Base; path = Base.lproj/LaunchScreen.xib; sourceTree = "<group>"; };
		6A2FE10E1AB1DC5700C98F31 /* CameraNoneTests.xctest */ = {isa = PBXFileReference; explicitFileType = wrapper.cfbundle; includeInIndex = 0; path = CameraNoneTests.xctest; sourceTree = BUILT_PRODUCTS_DIR; };
		6A2FE1131AB1DC5700C98F31 /* Info.plist */ = {isa = PBXFileReference; lastKnownFileType = text.plist.xml; path = Info.plist; sourceTree = "<group>"; };
		6A2FE1141AB1DC5700C98F31 /* CameraNoneTests.m */ = {isa = PBXFileReference; lastKnownFileType = sourcecode.c.objc; path = CameraNoneTests.m; sourceTree = "<group>"; };
		6A567D401AB447C500571DFA /* AVFoundation.framework */ = {isa = PBXFileReference; lastKnownFileType = wrapper.framework; name = AVFoundation.framework; path = System/Library/Frameworks/AVFoundation.framework; sourceTree = SDKROOT; };
/* End PBXFileReference section */

/* Begin PBXFrameworksBuildPhase section */
		6A2FE0F21AB1DC5700C98F31 /* Frameworks */ = {
			isa = PBXFrameworksBuildPhase;
			buildActionMask = 2147483647;
			files = (
				6A567D411AB447C500571DFA /* AVFoundation.framework in Frameworks */,
			);
			runOnlyForDeploymentPostprocessing = 0;
		};
		6A2FE10B1AB1DC5700C98F31 /* Frameworks */ = {
			isa = PBXFrameworksBuildPhase;
			buildActionMask = 2147483647;
			files = (
			);
			runOnlyForDeploymentPostprocessing = 0;
		};
/* End PBXFrameworksBuildPhase section */

/* Begin PBXGroup section */
		625A1F4EF20643DE6E6ADB05 /* Frameworks */ = {
			isa = PBXGroup;
			children = (
				6A567D401AB447C500571DFA /* AVFoundation.framework */,
			);
			name = Frameworks;
			sourceTree = "<group>";
		};
		6A2FE0EC1AB1DC5600C98F31 = {
			isa = PBXGroup;
			children = (
				6A2FE0F71AB1DC5700C98F31 /* CameraNone */,
				6A2FE1111AB1DC5700C98F31 /* CameraNoneTests */,
				6A2FE0F61AB1DC5700C98F31 /* Products */,
				625A1F4EF20643DE6E6ADB05 /* Frameworks */,
			);
			sourceTree = "<group>";
		};
		6A2FE0F61AB1DC5700C98F31 /* Products */ = {
			isa = PBXGroup;
			children = (
				6A2FE0F51AB1DC5700C98F31 /* CameraNone.app */,
				6A2FE10E1AB1DC5700C98F31 /* CameraNoneTests.xctest */,
			);
			name = Products;
			sourceTree = "<group>";
		};
		6A2FE0F71AB1DC5700C98F31 /* CameraNone */ = {
			isa = PBXGroup;
			children = (
				6A2FE0FC1AB1DC5700C98F31 /* AppDelegate.h */,
				6A2FE0FD1AB1DC5700C98F31 /* AppDelegate.m */,
				6A2FE0FF1AB1DC5700C98F31 /* ViewController.h */,
				6A2FE1001AB1DC5700C98F31 /* ViewController.m */,
				6A2FE1021AB1DC5700C98F31 /* Main.storyboard */,
				6A2FE1051AB1DC5700C98F31 /* Images.xcassets */,
				6A2FE1071AB1DC5700C98F31 /* LaunchScreen.xib */,
				6A2FE0F81AB1DC5700C98F31 /* Supporting Files */,
			);
			path = CameraNone;
			sourceTree = "<group>";
		};
		6A2FE0F81AB1DC5700C98F31 /* Supporting Files */ = {
			isa = PBXGroup;
			children = (
				6A2FE0F91AB1DC5700C98F31 /* Info.plist */,
				6A2FE0FA1AB1DC5700C98F31 /* main.m */,
			);
			name = "Supporting Files";
			sourceTree = "<group>";
		};
		6A2FE1111AB1DC5700C98F31 /* CameraNoneTests */ = {
			isa = PBXGroup;
			children = (
				6A2FE1141AB1DC5700C98F31 /* CameraNoneTests.m */,
				6A2FE1121AB1DC5700C98F31 /* Supporting Files */,
			);
			path = CameraNoneTests;
			sourceTree = "<group>";
		};
		6A2FE1121AB1DC5700C98F31 /* Supporting Files */ = {
			isa = PBXGroup;
			children = (
				6A2FE1131AB1DC5700C98F31 /* Info.plist */,
			);
			name = "Supporting Files";
			sourceTree = "<group>";
		};
/* End PBXGroup section */

/* Begin PBXNativeTarget section */
		6A2FE0F41AB1DC5700C98F31 /* CameraNone */ = {
			isa = PBXNativeTarget;
			buildConfigurationList = 6A2FE1181AB1DC5700C98F31 /* Build configuration list for PBXNativeTarget "CameraNone" */;
			buildPhases = (
				6A2FE0F11AB1DC5700C98F31 /* Sources */,
				6A2FE0F21AB1DC5700C98F31 /* Frameworks */,
				6A2FE0F31AB1DC5700C98F31 /* Resources */,
			);
			buildRules = (
			);
			dependencies = (
			);
			name = CameraNone;
			productName = CameraNone;
			productReference = 6A2FE0F51AB1DC5700C98F31 /* CameraNone.app */;
			productType = "com.apple.product-type.application";
		};
		6A2FE10D1AB1DC5700C98F31 /* CameraNoneTests */ = {
			isa = PBXNativeTarget;
			buildConfigurationList = 6A2FE11B1AB1DC5700C98F31 /* Build configuration list for PBXNativeTarget "CameraNoneTests" */;
			buildPhases = (
				6A2FE10A1AB1DC5700C98F31 /* Sources */,
				6A2FE10B1AB1DC5700C98F31 /* Frameworks */,
				6A2FE10C1AB1DC5700C98F31 /* Resources */,
			);
			buildRules = (
			);
			dependencies = (
				6A2FE1101AB1DC5700C98F31 /* PBXTargetDependency */,
			);
			name = CameraNoneTests;
			productName = CameraNoneTests;
			productReference = 6A2FE10E1AB1DC5700C98F31 /* CameraNoneTests.xctest */;
			productType = "com.apple.product-type.bundle.unit-test";
		};
/* End PBXNativeTarget section */

/* Begin PBXProject section */
		6A2FE0ED1AB1DC5600C98F31 /* Project object */ = {
			isa = PBXProject;
			attributes = {
				LastUpgradeCheck = 0620;
				ORGANIZATIONNAME = Kuanchih;
				TargetAttributes = {
					6A2FE0F41AB1DC5700C98F31 = {
						CreatedOnToolsVersion = 6.2;
					};
					6A2FE10D1AB1DC5700C98F31 = {
						CreatedOnToolsVersion = 6.2;
						TestTargetID = 6A2FE0F41AB1DC5700C98F31;
					};
				};
			};
			buildConfigurationList = 6A2FE0F01AB1DC5600C98F31 /* Build configuration list for PBXProject "CameraNone" */;
			compatibilityVersion = "Xcode 3.2";
			developmentRegion = English;
			hasScannedForEncodings = 0;
			knownRegions = (
				en,
				Base,
			);
			mainGroup = 6A2FE0EC1AB1DC5600C98F31;
			productRefGroup = 6A2FE0F61AB1DC5700C98F31 /* Products */;
			projectDirPath = "";
			projectRoot = "";
			targets = (
				6A2FE0F41AB1DC5700C98F31 /* CameraNone */,
				6A2FE10D1AB1DC5700C98F31 /* CameraNoneTests */,
			);
		};
/* End PBXProject section */

/* Begin PBXResourcesBuildPhase section */
		6A2FE0F31AB1DC5700C98F31 /* Resources */ = {
			isa = PBXResourcesBuildPhase;
			buildActionMask = 2147483647;
			files = (
				6A2FE1041AB1DC5700C98F31 /* Main.storyboard in Resources */,
				6A2FE1091AB1DC5700C98F31 /* LaunchScreen.xib in Resources */,
				6A2FE1061AB1DC5700C98F31 /* Images.xcassets in Resources */,
			);
			runOnlyForDeploymentPostprocessing = 0;
		};
		6A2FE10C1AB1DC5700C98F31 /* Resources */ = {
			isa = PBXResourcesBuildPhase;
			buildActionMask = 2147483647;
			files = (
			);
			runOnlyForDeploymentPostprocessing = 0;
		};
/* End PBXResourcesBuildPhase section */

/* Begin PBXSourcesBuildPhase section */
		6A2FE0F11AB1DC5700C98F31 /* Sources */ = {
			isa = PBXSourcesBuildPhase;
			buildActionMask = 2147483647;
			files = (
				6A2FE1011AB1DC5700C98F31 /* ViewController.m in Sources */,
				6A2FE0FE1AB1DC5700C98F31 /* AppDelegate.m in Sources */,
				6A2FE0FB1AB1DC5700C98F31 /* main.m in Sources */,
			);
			runOnlyForDeploymentPostprocessing = 0;
		};
		6A2FE10A1AB1DC5700C98F31 /* Sources */ = {
			isa = PBXSourcesBuildPhase;
			buildActionMask = 2147483647;
			files = (
				6A2FE1151AB1DC5700C98F31 /* CameraNoneTests.m in Sources */,
			);
			runOnlyForDeploymentPostprocessing = 0;
		};
/* End PBXSourcesBuildPhase section */

/* Begin PBXTargetDependency section */
		6A2FE1101AB1DC5700C98F31 /* PBXTargetDependency */ = {
			isa = PBXTargetDependency;
			target = 6A2FE0F41AB1DC5700C98F31 /* CameraNone */;
			targetProxy = 6A2FE10F1AB1DC5700C98F31 /* PBXContainerItemProxy */;
		};
/* End PBXTargetDependency section */

/* Begin PBXVariantGroup section */
		6A2FE1021AB1DC5700C98F31 /* Main.storyboard */ = {
			isa = PBXVariantGroup;
			children = (
				6A2FE1031AB1DC5700C98F31 /* Base */,
			);
			name = Main.storyboard;
			sourceTree = "<group>";
		};
		6A2FE1071AB1DC5700C98F31 /* LaunchScreen.xib */ = {
			isa = PBXVariantGroup;
			children = (
				6A2FE1081AB1DC5700C98F31 /* Base */,
			);
			name = LaunchScreen.xib;
			sourceTree = "<group>";
		};
/* End PBXVariantGroup section */

/* Begin XCBuildConfiguration section */
		6A2FE1161AB1DC5700C98F31 /* Debug */ = {
			isa = XCBuildConfiguration;
			buildSettings = {
				ALWAYS_SEARCH_USER_PATHS = NO;
				CLANG_CXX_LANGUAGE_STANDARD = "gnu++0x";
				CLANG_CXX_LIBRARY = "libc++";
				CLANG_ENABLE_MODULES = YES;
				CLANG_ENABLE_OBJC_ARC = YES;
				CLANG_WARN_BOOL_CONVERSION = YES;
				CLANG_WARN_CONSTANT_CONVERSION = YES;
				CLANG_WARN_DIRECT_OBJC_ISA_USAGE = YES_ERROR;
				CLANG_WARN_EMPTY_BODY = YES;
				CLANG_WARN_ENUM_CONVERSION = YES;
				CLANG_WARN_INT_CONVERSION = YES;
				CLANG_WARN_OBJC_ROOT_CLASS = YES_ERROR;
				CLANG_WARN_UNREACHABLE_CODE = YES;
				CLANG_WARN__DUPLICATE_METHOD_MATCH = YES;
				"CODE_SIGN_IDENTITY[sdk=iphoneos*]" = "iPhone Developer";
				COPY_PHASE_STRIP = NO;
				ENABLE_STRICT_OBJC_MSGSEND = YES;
				GCC_C_LANGUAGE_STANDARD = gnu99;
				GCC_DYNAMIC_NO_PIC = NO;
				GCC_OPTIMIZATION_LEVEL = 0;
				GCC_PREPROCESSOR_DEFINITIONS = (
					"DEBUG=1",
					"$(inherited)",
				);
				GCC_SYMBOLS_PRIVATE_EXTERN = NO;
				GCC_WARN_64_TO_32_BIT_CONVERSION = YES;
				GCC_WARN_ABOUT_RETURN_TYPE = YES_ERROR;
				GCC_WARN_UNDECLARED_SELECTOR = YES;
				GCC_WARN_UNINITIALIZED_AUTOS = YES_AGGRESSIVE;
				GCC_WARN_UNUSED_FUNCTION = YES;
				GCC_WARN_UNUSED_VARIABLE = YES;
				IPHONEOS_DEPLOYMENT_TARGET = 8.2;
				MTL_ENABLE_DEBUG_INFO = YES;
				ONLY_ACTIVE_ARCH = YES;
				SDKROOT = iphoneos;
			};
			name = Debug;
		};
		6A2FE1171AB1DC5700C98F31 /* Release */ = {
			isa = XCBuildConfiguration;
			buildSettings = {
				ALWAYS_SEARCH_USER_PATHS = NO;
				CLANG_CXX_LANGUAGE_STANDARD = "gnu++0x";
				CLANG_CXX_LIBRARY = "libc++";
				CLANG_ENABLE_MODULES = YES;
				CLANG_ENABLE_OBJC_ARC = YES;
				CLANG_WARN_BOOL_CONVERSION = YES;
				CLANG_WARN_CONSTANT_CONVERSION = YES;
				CLANG_WARN_DIRECT_OBJC_ISA_USAGE = YES_ERROR;
				CLANG_WARN_EMPTY_BODY = YES;
				CLANG_WARN_ENUM_CONVERSION = YES;
				CLANG_WARN_INT_CONVERSION = YES;
				CLANG_WARN_OBJC_ROOT_CLASS = YES_ERROR;
				CLANG_WARN_UNREACHABLE_CODE = YES;
				CLANG_WARN__DUPLICATE_METHOD_MATCH = YES;
				"CODE_SIGN_IDENTITY[sdk=iphoneos*]" = "iPhone Developer";
				COPY_PHASE_STRIP = NO;
				ENABLE_NS_ASSERTIONS = NO;
				ENABLE_STRICT_OBJC_MSGSEND = YES;
				GCC_C_LANGUAGE_STANDARD = gnu99;
				GCC_WARN_64_TO_32_BIT_CONVERSION = YES;
				GCC_WARN_ABOUT_RETURN_TYPE = YES_ERROR;
				GCC_WARN_UNDECLARED_SELECTOR = YES;
				GCC_WARN_UNINITIALIZED_AUTOS = YES_AGGRESSIVE;
				GCC_WARN_UNUSED_FUNCTION = YES;
				GCC_WARN_UNUSED_VARIABLE = YES;
				IPHONEOS_DEPLOYMENT_TARGET = 8.2;
				MTL_ENABLE_DEBUG_INFO = NO;
				SDKROOT = iphoneos;
				VALIDATE_PRODUCT = YES;
			};
			name = Release;
		};
		6A2FE1191AB1DC5700C98F31 /* Debug */ = {
			isa = XCBuildConfiguration;
			buildSettings = {
				ASSETCATALOG_COMPILER_APPICON_NAME = AppIcon;
				CODE_SIGN_IDENTITY = "iPhone Developer: Jhihguan Wang (3D4FGN23KH)";
				"CODE_SIGN_IDENTITY[sdk=iphoneos*]" = "iPhone Distribution: Jhihguan Wang (4VW4B88277)";
				INFOPLIST_FILE = CameraNone/Info.plist;
				IPHONEOS_DEPLOYMENT_TARGET = 8.0;
				LD_RUNPATH_SEARCH_PATHS = "$(inherited) @executable_path/Frameworks";
				PRODUCT_NAME = "$(TARGET_NAME)";
				PROVISIONING_PROFILE = "e1a617e6-ad4b-4ee7-aeb1-fc1fc16c9c32";
			};
			name = Debug;
		};
		6A2FE11A1AB1DC5700C98F31 /* Release */ = {
			isa = XCBuildConfiguration;
			buildSettings = {
				ASSETCATALOG_COMPILER_APPICON_NAME = AppIcon;
				CODE_SIGN_IDENTITY = "iPhone Developer: Jhihguan Wang (3D4FGN23KH)";
				"CODE_SIGN_IDENTITY[sdk=iphoneos*]" = "iPhone Distribution: Jhihguan Wang (4VW4B88277)";
				INFOPLIST_FILE = CameraNone/Info.plist;
				IPHONEOS_DEPLOYMENT_TARGET = 8.0;
				LD_RUNPATH_SEARCH_PATHS = "$(inherited) @executable_path/Frameworks";
				PRODUCT_NAME = "$(TARGET_NAME)";
				PROVISIONING_PROFILE = "00f3b216-af69-429d-b793-f1396110d8dc";
			};
			name = Release;
		};
		6A2FE11C1AB1DC5700C98F31 /* Debug */ = {
			isa = XCBuildConfiguration;
			buildSettings = {
				BUNDLE_LOADER = "$(TEST_HOST)";
				FRAMEWORK_SEARCH_PATHS = (
					"$(SDKROOT)/Developer/Library/Frameworks",
					"$(inherited)",
				);
				GCC_PREPROCESSOR_DEFINITIONS = (
					"DEBUG=1",
					"$(inherited)",
				);
				INFOPLIST_FILE = CameraNoneTests/Info.plist;
				LD_RUNPATH_SEARCH_PATHS = "$(inherited) @executable_path/Frameworks @loader_path/Frameworks";
				PRODUCT_NAME = "$(TARGET_NAME)";
				TEST_HOST = "$(BUILT_PRODUCTS_DIR)/CameraNone.app/CameraNone";
			};
			name = Debug;
		};
		6A2FE11D1AB1DC5700C98F31 /* Release */ = {
			isa = XCBuildConfiguration;
			buildSettings = {
				BUNDLE_LOADER = "$(TEST_HOST)";
				FRAMEWORK_SEARCH_PATHS = (
					"$(SDKROOT)/Developer/Library/Frameworks",
					"$(inherited)",
				);
				INFOPLIST_FILE = CameraNoneTests/Info.plist;
				LD_RUNPATH_SEARCH_PATHS = "$(inherited) @executable_path/Frameworks @loader_path/Frameworks";
				PRODUCT_NAME = "$(TARGET_NAME)";
				TEST_HOST = "$(BUILT_PRODUCTS_DIR)/CameraNone.app/CameraNone";
			};
			name = Release;
		};
/* End XCBuildConfiguration section */

/* Begin XCConfigurationList section */
		6A2FE0F01AB1DC5600C98F31 /* Build configuration list for PBXProject "CameraNone" */ = {
			isa = XCConfigurationList;
			buildConfigurations = (
				6A2FE1161AB1DC5700C98F31 /* Debug */,
				6A2FE1171AB1DC5700C98F31 /* Release */,
			);
			defaultConfigurationIsVisible = 0;
			defaultConfigurationName = Release;
		};
		6A2FE1181AB1DC5700C98F31 /* Build configuration list for PBXNativeTarget "CameraNone" */ = {
			isa = XCConfigurationList;
			buildConfigurations = (
				6A2FE1191AB1DC5700C98F31 /* Debug */,
				6A2FE11A1AB1DC5700C98F31 /* Release */,
			);
			defaultConfigurationIsVisible = 0;
			defaultConfigurationName = Release;
		};
		6A2FE11B1AB1DC5700C98F31 /* Build configuration list for PBXNativeTarget "CameraNoneTests" */ = {
			isa = XCConfigurationList;
			buildConfigurations = (
				6A2FE11C1AB1DC5700C98F31 /* Debug */,
				6A2FE11D1AB1DC5700C98F31 /* Release */,
			);
			defaultConfigurationIsVisible = 0;
			defaultConfigurationName = Release;
		};
/* End XCConfigurationList section */
	};
	rootObject = 6A2FE0ED1AB1DC5600C98F31 /* Project object */;
}
